
Microsoft Visual Studio Solution File, Format Version 12.00
# Visual Studio 14
VisualStudioVersion = 14.0.25420.1
MinimumVisualStudioVersion = 10.0.40219.1
Project("{2150E333-8FDC-42A3-9474-1A3956D46DE8}") = ".paket", ".paket", "{5FEFAEC4-5A45-480B-903A-9E0B5F5B913D}"
	ProjectSection(SolutionItems) = preProject
		paket.dependencies = paket.dependencies
	EndProjectSection
EndProject
Project("{FAE04EC0-301F-11D3-BF4B-00C04F79EFBC}") = "TestExerciserPro", "MahApps.Metro.Samples\MahApps.Metro.Demo\MahApps.Metro.Demo.NET45\TestExerciserPro.csproj", "{CC00392E-55A8-41EE-BE27-A7D166F032FA}"
EndProject
Project("{D954291E-2A0B-460D-934E-DC6B0785DB48}") = "TestExerciserPro.UI.Shared", "MahApps.Metro.Samples\MahApps.Metro.Demo\MahApps.Metro.Demo.Shared\TestExerciserPro.UI.Shared.shproj", "{D25FB32F-945F-416B-9625-6D38ACEA6355}"
EndProject
Project("{FAE04EC0-301F-11D3-BF4B-00C04F79EFBC}") = "TestExerciserPro.UI", "MahApps.Metro\MahApps.Metro\TestExerciserPro.UI.csproj", "{579D4FA7-0946-4592-AE9B-A73D2D1262C6}"
EndProject
Project("{D954291E-2A0B-460D-934E-DC6B0785DB48}") = "TestExerciserPro.Shared", "MahApps.Metro\MahApps.Metro.Shared\TestExerciserPro.Shared.shproj", "{2843F39D-AAC1-44B2-B26C-02DEE5D85666}"
EndProject
Project("{D954291E-2A0B-460D-934E-DC6B0785DB48}") = "TestExerciserPro.UI.Logic.Shared", "MahApps.Metro.Samples\MahApps.Metro.Core.Demo.Shared\TestExerciserPro.UI.Logic.Shared.shproj", "{3085C6E4-041B-4B84-9E6E-1DB70716A744}"
EndProject
Global
	GlobalSection(SharedMSBuildProjectFiles) = preSolution
		MahApps.Metro\MahApps.Metro.Shared\MahApps.Metro.Shared.projitems*{2843f39d-aac1-44b2-b26c-02dee5d85666}*SharedItemsImports = 13
		MahApps.Metro.Samples\MahApps.Metro.Core.Demo.Shared\MahApps.Metro.Core.Demo.Shared.projitems*{3085c6e4-041b-4b84-9e6e-1db70716a744}*SharedItemsImports = 13
		MahApps.Metro\MahApps.Metro.Shared\MahApps.Metro.Shared.projitems*{579d4fa7-0946-4592-ae9b-a73d2d1262c6}*SharedItemsImports = 4
		MahApps.Metro.Samples\MahApps.Metro.Core.Demo.Shared\MahApps.Metro.Core.Demo.Shared.projitems*{cc00392e-55a8-41ee-be27-a7d166f032fa}*SharedItemsImports = 4
		MahApps.Metro.Samples\MahApps.Metro.Demo\MahApps.Metro.Demo.Shared\MahApps.Metro.Demo.Shared.projitems*{cc00392e-55a8-41ee-be27-a7d166f032fa}*SharedItemsImports = 4
		MahApps.Metro.Samples\MahApps.Metro.Demo\MahApps.Metro.Demo.Shared\MahApps.Metro.Demo.Shared.projitems*{d25fb32f-945f-416b-9625-6d38acea6355}*SharedItemsImports = 13
	EndGlobalSection
	GlobalSection(SolutionConfigurationPlatforms) = preSolution
		Debug|Any CPU = Debug|Any CPU
		Release|Any CPU = Release|Any CPU
	EndGlobalSection
	GlobalSection(ProjectConfigurationPlatforms) = postSolution
		{CC00392E-55A8-41EE-BE27-A7D166F032FA}.Debug|Any CPU.ActiveCfg = Debug|Any CPU
		{CC00392E-55A8-41EE-BE27-A7D166F032FA}.Debug|Any CPU.Build.0 = Debug|Any CPU
		{CC00392E-55A8-41EE-BE27-A7D166F032FA}.Release|Any CPU.ActiveCfg = Release|Any CPU
		{CC00392E-55A8-41EE-BE27-A7D166F032FA}.Release|Any CPU.Build.0 = Release|Any CPU
		{579D4FA7-0946-4592-AE9B-A73D2D1262C6}.Debug|Any CPU.ActiveCfg = Debug|Any CPU
		{579D4FA7-0946-4592-AE9B-A73D2D1262C6}.Debug|Any CPU.Build.0 = Debug|Any CPU
		{579D4FA7-0946-4592-AE9B-A73D2D1262C6}.Release|Any CPU.ActiveCfg = Release|Any CPU
		{579D4FA7-0946-4592-AE9B-A73D2D1262C6}.Release|Any CPU.Build.0 = Release|Any CPU
	EndGlobalSection
	GlobalSection(SolutionProperties) = preSolution
		HideSolutionNode = FALSE
	EndGlobalSection
EndGlobal
