
Microsoft Visual Studio Solution File, Format Version 12.00
# Visual Studio 14
VisualStudioVersion = 14.0.25420.1
MinimumVisualStudioVersion = 10.0.40219.1
Project("{FAE04EC0-301F-11D3-BF4B-00C04F79EFBC}") = "AutoDog", "AutoDog\AutoDog.csproj", "{3CA1694C-E973-4EFD-8DBB-74AC06562F65}"
EndProject
Project("{FAE04EC0-301F-11D3-BF4B-00C04F79EFBC}") = "AutoDog.UI", "AutoDog.UI\AutoDog.UI.csproj", "{C3A73D36-A384-4CBD-8962-A0FD4AD749F8}"
EndProject
Project("{FAE04EC0-301F-11D3-BF4B-00C04F79EFBC}") = "AutoDog.Editor", "AutoDog.Editor\AutoDog.Editor.csproj", "{6C55B776-26D4-4DB3-A6AB-87E783B2F3D1}"
EndProject
Project("{FAE04EC0-301F-11D3-BF4B-00C04F79EFBC}") = "AutoDog.PowerShellISE", "AutoDog.PowerShellISE\AutoDog.PowerShellISE.csproj", "{07C93056-195A-4578-B50F-DF74F43421B2}"
EndProject
Global
	GlobalSection(SolutionConfigurationPlatforms) = preSolution
		Debug|Any CPU = Debug|Any CPU
		Debug|Net35 = Debug|Net35
		Debug|Net40 = Debug|Net40
		Debug|WithNRefactory = Debug|WithNRefactory
		Release|Any CPU = Release|Any CPU
		Release|Net35 = Release|Net35
		Release|Net40 = Release|Net40
		Release|WithNRefactory = Release|WithNRefactory
	EndGlobalSection
	GlobalSection(ProjectConfigurationPlatforms) = postSolution
		{3CA1694C-E973-4EFD-8DBB-74AC06562F65}.Debug|Any CPU.ActiveCfg = Debug|Any CPU
		{3CA1694C-E973-4EFD-8DBB-74AC06562F65}.Debug|Any CPU.Build.0 = Debug|Any CPU
		{3CA1694C-E973-4EFD-8DBB-74AC06562F65}.Debug|Net35.ActiveCfg = Debug|Any CPU
		{3CA1694C-E973-4EFD-8DBB-74AC06562F65}.Debug|Net35.Build.0 = Debug|Any CPU
		{3CA1694C-E973-4EFD-8DBB-74AC06562F65}.Debug|Net40.ActiveCfg = Debug|Any CPU
		{3CA1694C-E973-4EFD-8DBB-74AC06562F65}.Debug|Net40.Build.0 = Debug|Any CPU
		{3CA1694C-E973-4EFD-8DBB-74AC06562F65}.Debug|WithNRefactory.ActiveCfg = Debug|Any CPU
		{3CA1694C-E973-4EFD-8DBB-74AC06562F65}.Debug|WithNRefactory.Build.0 = Debug|Any CPU
		{3CA1694C-E973-4EFD-8DBB-74AC06562F65}.Release|Any CPU.ActiveCfg = Release|Any CPU
		{3CA1694C-E973-4EFD-8DBB-74AC06562F65}.Release|Any CPU.Build.0 = Release|Any CPU
		{3CA1694C-E973-4EFD-8DBB-74AC06562F65}.Release|Net35.ActiveCfg = Release|Any CPU
		{3CA1694C-E973-4EFD-8DBB-74AC06562F65}.Release|Net35.Build.0 = Release|Any CPU
		{3CA1694C-E973-4EFD-8DBB-74AC06562F65}.Release|Net40.ActiveCfg = Release|Any CPU
		{3CA1694C-E973-4EFD-8DBB-74AC06562F65}.Release|Net40.Build.0 = Release|Any CPU
		{3CA1694C-E973-4EFD-8DBB-74AC06562F65}.Release|WithNRefactory.ActiveCfg = Release|Any CPU
		{3CA1694C-E973-4EFD-8DBB-74AC06562F65}.Release|WithNRefactory.Build.0 = Release|Any CPU
		{C3A73D36-A384-4CBD-8962-A0FD4AD749F8}.Debug|Any CPU.ActiveCfg = Debug|Any CPU
		{C3A73D36-A384-4CBD-8962-A0FD4AD749F8}.Debug|Any CPU.Build.0 = Debug|Any CPU
		{C3A73D36-A384-4CBD-8962-A0FD4AD749F8}.Debug|Net35.ActiveCfg = Debug|Any CPU
		{C3A73D36-A384-4CBD-8962-A0FD4AD749F8}.Debug|Net35.Build.0 = Debug|Any CPU
		{C3A73D36-A384-4CBD-8962-A0FD4AD749F8}.Debug|Net40.ActiveCfg = Debug|Any CPU
		{C3A73D36-A384-4CBD-8962-A0FD4AD749F8}.Debug|Net40.Build.0 = Debug|Any CPU
		{C3A73D36-A384-4CBD-8962-A0FD4AD749F8}.Debug|WithNRefactory.ActiveCfg = Debug|Any CPU
		{C3A73D36-A384-4CBD-8962-A0FD4AD749F8}.Debug|WithNRefactory.Build.0 = Debug|Any CPU
		{C3A73D36-A384-4CBD-8962-A0FD4AD749F8}.Release|Any CPU.ActiveCfg = Release|Any CPU
		{C3A73D36-A384-4CBD-8962-A0FD4AD749F8}.Release|Any CPU.Build.0 = Release|Any CPU
		{C3A73D36-A384-4CBD-8962-A0FD4AD749F8}.Release|Net35.ActiveCfg = Release|Any CPU
		{C3A73D36-A384-4CBD-8962-A0FD4AD749F8}.Release|Net35.Build.0 = Release|Any CPU
		{C3A73D36-A384-4CBD-8962-A0FD4AD749F8}.Release|Net40.ActiveCfg = Release|Any CPU
		{C3A73D36-A384-4CBD-8962-A0FD4AD749F8}.Release|Net40.Build.0 = Release|Any CPU
		{C3A73D36-A384-4CBD-8962-A0FD4AD749F8}.Release|WithNRefactory.ActiveCfg = Release|Any CPU
		{C3A73D36-A384-4CBD-8962-A0FD4AD749F8}.Release|WithNRefactory.Build.0 = Release|Any CPU
		{6C55B776-26D4-4DB3-A6AB-87E783B2F3D1}.Debug|Any CPU.ActiveCfg = Debug|Any CPU
		{6C55B776-26D4-4DB3-A6AB-87E783B2F3D1}.Debug|Any CPU.Build.0 = Debug|Any CPU
		{6C55B776-26D4-4DB3-A6AB-87E783B2F3D1}.Debug|Net35.ActiveCfg = Debug|Any CPU
		{6C55B776-26D4-4DB3-A6AB-87E783B2F3D1}.Debug|Net35.Build.0 = Debug|Any CPU
		{6C55B776-26D4-4DB3-A6AB-87E783B2F3D1}.Debug|Net40.ActiveCfg = Debug|Any CPU
		{6C55B776-26D4-4DB3-A6AB-87E783B2F3D1}.Debug|Net40.Build.0 = Debug|Any CPU
		{6C55B776-26D4-4DB3-A6AB-87E783B2F3D1}.Debug|WithNRefactory.ActiveCfg = Debug|Any CPU
		{6C55B776-26D4-4DB3-A6AB-87E783B2F3D1}.Debug|WithNRefactory.Build.0 = Debug|Any CPU
		{6C55B776-26D4-4DB3-A6AB-87E783B2F3D1}.Release|Any CPU.ActiveCfg = Release|Any CPU
		{6C55B776-26D4-4DB3-A6AB-87E783B2F3D1}.Release|Any CPU.Build.0 = Release|Any CPU
		{6C55B776-26D4-4DB3-A6AB-87E783B2F3D1}.Release|Net35.ActiveCfg = Release|Any CPU
		{6C55B776-26D4-4DB3-A6AB-87E783B2F3D1}.Release|Net35.Build.0 = Release|Any CPU
		{6C55B776-26D4-4DB3-A6AB-87E783B2F3D1}.Release|Net40.ActiveCfg = Release|Any CPU
		{6C55B776-26D4-4DB3-A6AB-87E783B2F3D1}.Release|Net40.Build.0 = Release|Any CPU
		{6C55B776-26D4-4DB3-A6AB-87E783B2F3D1}.Release|WithNRefactory.ActiveCfg = Release|Any CPU
		{6C55B776-26D4-4DB3-A6AB-87E783B2F3D1}.Release|WithNRefactory.Build.0 = Release|Any CPU
		{07C93056-195A-4578-B50F-DF74F43421B2}.Debug|Any CPU.ActiveCfg = Debug|Any CPU
		{07C93056-195A-4578-B50F-DF74F43421B2}.Debug|Any CPU.Build.0 = Debug|Any CPU
		{07C93056-195A-4578-B50F-DF74F43421B2}.Debug|Net35.ActiveCfg = Debug|Any CPU
		{07C93056-195A-4578-B50F-DF74F43421B2}.Debug|Net35.Build.0 = Debug|Any CPU
		{07C93056-195A-4578-B50F-DF74F43421B2}.Debug|Net40.ActiveCfg = Debug|Any CPU
		{07C93056-195A-4578-B50F-DF74F43421B2}.Debug|Net40.Build.0 = Debug|Any CPU
		{07C93056-195A-4578-B50F-DF74F43421B2}.Debug|WithNRefactory.ActiveCfg = Debug|Any CPU
		{07C93056-195A-4578-B50F-DF74F43421B2}.Debug|WithNRefactory.Build.0 = Debug|Any CPU
		{07C93056-195A-4578-B50F-DF74F43421B2}.Release|Any CPU.ActiveCfg = Release|Any CPU
		{07C93056-195A-4578-B50F-DF74F43421B2}.Release|Any CPU.Build.0 = Release|Any CPU
		{07C93056-195A-4578-B50F-DF74F43421B2}.Release|Net35.ActiveCfg = Release|Any CPU
		{07C93056-195A-4578-B50F-DF74F43421B2}.Release|Net35.Build.0 = Release|Any CPU
		{07C93056-195A-4578-B50F-DF74F43421B2}.Release|Net40.ActiveCfg = Release|Any CPU
		{07C93056-195A-4578-B50F-DF74F43421B2}.Release|Net40.Build.0 = Release|Any CPU
		{07C93056-195A-4578-B50F-DF74F43421B2}.Release|WithNRefactory.ActiveCfg = Release|Any CPU
		{07C93056-195A-4578-B50F-DF74F43421B2}.Release|WithNRefactory.Build.0 = Release|Any CPU
	EndGlobalSection
	GlobalSection(SolutionProperties) = preSolution
		HideSolutionNode = FALSE
	EndGlobalSection
EndGlobal
