
Microsoft Visual Studio Solution File, Format Version 12.00
# Visual Studio 14
VisualStudioVersion = 14.0.25420.1
MinimumVisualStudioVersion = 10.0.40219.1
Project("{FAE04EC0-301F-11D3-BF4B-00C04F79EFBC}") = "TestExerciserPro", "TestExerciserPro\TestExerciserPro.csproj", "{3CA1694C-E973-4EFD-8DBB-74AC06562F65}"
EndProject
Project("{FAE04EC0-301F-11D3-BF4B-00C04F79EFBC}") = "TestExerciserPro.UI", "TestExerciserPro.UI\TestExerciserPro.UI.csproj", "{C3A73D36-A384-4CBD-8962-A0FD4AD749F8}"
EndProject
Global
	GlobalSection(SolutionConfigurationPlatforms) = preSolution
		Debug|Any CPU = Debug|Any CPU
		Release|Any CPU = Release|Any CPU
	EndGlobalSection
	GlobalSection(ProjectConfigurationPlatforms) = postSolution
		{3CA1694C-E973-4EFD-8DBB-74AC06562F65}.Debug|Any CPU.ActiveCfg = Debug|Any CPU
		{3CA1694C-E973-4EFD-8DBB-74AC06562F65}.Debug|Any CPU.Build.0 = Debug|Any CPU
		{3CA1694C-E973-4EFD-8DBB-74AC06562F65}.Release|Any CPU.ActiveCfg = Release|Any CPU
		{3CA1694C-E973-4EFD-8DBB-74AC06562F65}.Release|Any CPU.Build.0 = Release|Any CPU
		{C3A73D36-A384-4CBD-8962-A0FD4AD749F8}.Debug|Any CPU.ActiveCfg = Debug|Any CPU
		{C3A73D36-A384-4CBD-8962-A0FD4AD749F8}.Debug|Any CPU.Build.0 = Debug|Any CPU
		{C3A73D36-A384-4CBD-8962-A0FD4AD749F8}.Release|Any CPU.ActiveCfg = Release|Any CPU
		{C3A73D36-A384-4CBD-8962-A0FD4AD749F8}.Release|Any CPU.Build.0 = Release|Any CPU
	EndGlobalSection
	GlobalSection(SolutionProperties) = preSolution
		HideSolutionNode = FALSE
	EndGlobalSection
EndGlobal
